
Microsoft Visual Studio Solution File, Format Version 12.00
# Visual Studio 15
VisualStudioVersion = 15.0.27130.2036
MinimumVisualStudioVersion = 10.0.40219.1
Project("{FAE04EC0-301F-11D3-BF4B-00C04F79EFBC}") = "EmployeeManagement", "EmployeeManagement\EmployeeManagement.csproj", "{ABCAB45C-9EC0-4E39-9038-1C08CF04373A}"
EndProject
Global
	GlobalSection(SolutionConfigurationPlatforms) = preSolution
		Debug|Any CPU = Debug|Any CPU
		Release|Any CPU = Release|Any CPU
	EndGlobalSection
	GlobalSection(ProjectConfigurationPlatforms) = postSolution
		{ABCAB45C-9EC0-4E39-9038-1C08CF04373A}.Debug|Any CPU.ActiveCfg = Debug|Any CPU
		{ABCAB45C-9EC0-4E39-9038-1C08CF04373A}.Debug|Any CPU.Build.0 = Debug|Any CPU
		{ABCAB45C-9EC0-4E39-9038-1C08CF04373A}.Release|Any CPU.ActiveCfg = Release|Any CPU
		{ABCAB45C-9EC0-4E39-9038-1C08CF04373A}.Release|Any CPU.Build.0 = Release|Any CPU
	EndGlobalSection
	GlobalSection(SolutionProperties) = preSolution
		HideSolutionNode = FALSE
	EndGlobalSection
	GlobalSection(ExtensibilityGlobals) = postSolution
		SolutionGuid = {5EC4717A-4C31-4AF3-9FD4-8B3FF3D3D97F}
	EndGlobalSection
EndGlobal
